<?xml version="1.0" encoding="utf-8"?>
<Project ToolsVersion="4.0" xmlns="http://schemas.microsoft.com/developer/msbuild/2003">
  <ItemGroup>
    <Filter Include="KamataEngine">
      <UniqueIdentifier>{4FC737F1-C7A5-4376-A066-2A32D752A2FF}</UniqueIdentifier>
      <Extensions>cpp;c;cc;cxx;c++;cppm;ixx;def;odl;idl;hpj;bat;asm;asmx</Extensions>
    </Filter>
    <Filter Include="KamataEngine\Source">
      <UniqueIdentifier>{d966e9f8-e880-44ae-8586-a08515e4cffc}</UniqueIdentifier>
    </Filter>
    <Filter Include="KamataEngine\Include">
      <UniqueIdentifier>{4aae4e40-94f7-4d32-9a91-c0c37a2edf0d}</UniqueIdentifier>
    </Filter>
    <Filter Include="KamataEngine\Adapter">
      <UniqueIdentifier>{c6468eb4-788b-4a83-b207-a5f4804e56c5}</UniqueIdentifier>
    </Filter>
    <Filter Include="Zuizui">
      <UniqueIdentifier>{e1ec94da-faf5-4fef-b5ec-463944efbfe6}</UniqueIdentifier>
    </Filter>
    <Filter Include="Zuizui\header">
      <UniqueIdentifier>{9313256a-3ecc-44c6-b4d9-d213fc73da3a}</UniqueIdentifier>
    </Filter>
    <Filter Include="Zuizui\source">
      <UniqueIdentifier>{a107891a-6f01-4299-a068-58db1c0590fc}</UniqueIdentifier>
    </Filter>
    <Filter Include="game">
      <UniqueIdentifier>{f42abdac-8dfa-4e6b-8cb5-52a465c2cb6f}</UniqueIdentifier>
    </Filter>
    <Filter Include="game\player">
      <UniqueIdentifier>{395e2c7f-6441-46f9-bf92-02d697ca8eee}</UniqueIdentifier>
    </Filter>
    <Filter Include="game\enemy">
      <UniqueIdentifier>{5353736c-22d6-42fc-a20c-ca9aa502f586}</UniqueIdentifier>
    </Filter>
    <Filter Include="game\map">
      <UniqueIdentifier>{74732a8d-5f0c-419e-84f9-0718c60f9422}</UniqueIdentifier>
    </Filter>
  </ItemGroup>
  <ItemGroup>
    <ClCompile Include="C:\KamataEngine\DirectXGame\base\DirectXCommon.cpp">
      <Filter>KamataEngine\Source</Filter>
    </ClCompile>
    <ClCompile Include="C:\KamataEngine\DirectXGame\base\TextureManager.cpp">
      <Filter>KamataEngine\Source</Filter>
    </ClCompile>
    <ClCompile Include="C:\KamataEngine\DirectXGame\scene\GameScene.cpp">
      <Filter>KamataEngine\Source</Filter>
    </ClCompile>
    <ClCompile Include="C:\KamataEngine\DirectXGame\base\WinApp.cpp">
      <Filter>KamataEngine\Source</Filter>
    </ClCompile>
    <ClCompile Include="C:\KamataEngine\Adapter\Novice.cpp">
      <Filter>KamataEngine\Adapter</Filter>
    </ClCompile>
    <ClCompile Include="C:\KamataEngine\DirectXGame\2d\ImGuiManager.cpp">
      <Filter>KamataEngine</Filter>
    </ClCompile>
    <ClCompile Include="C:\KamataEngine\DirectXGame\base\StringUtility.cpp">
      <Filter>KamataEngine\Source</Filter>
    </ClCompile>
    <ClCompile Include="Zuizui.cpp">
      <Filter>Zuizui\source</Filter>
    </ClCompile>
    <ClCompile Include="particles.cpp">
      <Filter>Zuizui\source</Filter>
    </ClCompile>
    <ClCompile Include="shake.cpp">
      <Filter>Zuizui\source</Filter>
    </ClCompile>
    <ClCompile Include="map.cpp">
      <Filter>game\map</Filter>
    </ClCompile>
    <ClCompile Include="Player.cpp">
      <Filter>game\player</Filter>
    </ClCompile>
    <ClCompile Include="Mie.cpp">
      <Filter>game\enemy</Filter>
    </ClCompile>
    <ClCompile Include="Moo.cpp">
      <Filter>game\enemy</Filter>
    </ClCompile>
    <ClCompile Include="main.cpp">
      <Filter>game</Filter>
    </ClCompile>
    <ClCompile Include="Collision.cpp">
      <Filter>game</Filter>
    </ClCompile>
  </ItemGroup>
  <ItemGroup>
    <ClInclude Include="C:\KamataEngine\DirectXGame\audio\Audio.h">
      <Filter>KamataEngine\Include</Filter>
    </ClInclude>
    <ClInclude Include="C:\KamataEngine\DirectXGame\2d\DebugText.h">
      <Filter>KamataEngine\Include</Filter>
    </ClInclude>
    <ClInclude Include="C:\KamataEngine\DirectXGame\base\DirectXCommon.h">
      <Filter>KamataEngine\Include</Filter>
    </ClInclude>
    <ClInclude Include="C:\KamataEngine\DirectXGame\scene\GameScene.h">
      <Filter>KamataEngine\Include</Filter>
    </ClInclude>
    <ClInclude Include="C:\KamataEngine\DirectXGame\input\Input.h">
      <Filter>KamataEngine\Include</Filter>
    </ClInclude>
    <ClInclude Include="C:\KamataEngine\DirectXGame\3d\Model.h">
      <Filter>KamataEngine\Include</Filter>
    </ClInclude>
    <ClInclude Include="C:\KamataEngine\DirectXGame\base\SafeDelete.h">
      <Filter>KamataEngine\Include</Filter>
    </ClInclude>
    <ClInclude Include="C:\KamataEngine\DirectXGame\2d\Sprite.h">
      <Filter>KamataEngine\Include</Filter>
    </ClInclude>
    <ClInclude Include="C:\KamataEngine\DirectXGame\base\TextureManager.h">
      <Filter>KamataEngine\Include</Filter>
    </ClInclude>
    <ClInclude Include="C:\KamataEngine\DirectXGame\3d\ViewProjection.h">
      <Filter>KamataEngine\Include</Filter>
    </ClInclude>
    <ClInclude Include="C:\KamataEngine\DirectXGame\base\WinApp.h">
      <Filter>KamataEngine\Include</Filter>
    </ClInclude>
    <ClInclude Include="C:\KamataEngine\DirectXGame\3d\WorldTransform.h">
      <Filter>KamataEngine\Include</Filter>
    </ClInclude>
    <ClInclude Include="C:\KamataEngine\Adapter\Novice.h">
      <Filter>KamataEngine\Adapter</Filter>
    </ClInclude>
    <ClInclude Include="C:\KamataEngine\DirectXGame\3d\CircleShadow.h">
      <Filter>KamataEngine\Include</Filter>
    </ClInclude>
    <ClInclude Include="C:\KamataEngine\DirectXGame\3d\DebugCamera.h">
      <Filter>KamataEngine\Include</Filter>
    </ClInclude>
    <ClInclude Include="C:\KamataEngine\DirectXGame\3d\DirectionalLight.h">
      <Filter>KamataEngine\Include</Filter>
    </ClInclude>
    <ClInclude Include="C:\KamataEngine\DirectXGame\3d\LightGroup.h">
      <Filter>KamataEngine\Include</Filter>
    </ClInclude>
    <ClInclude Include="C:\KamataEngine\DirectXGame\3d\Material.h">
      <Filter>KamataEngine\Include</Filter>
    </ClInclude>
    <ClInclude Include="C:\KamataEngine\DirectXGame\3d\Mesh.h">
      <Filter>KamataEngine\Include</Filter>
    </ClInclude>
    <ClInclude Include="C:\KamataEngine\DirectXGame\3d\PointLight.h">
      <Filter>KamataEngine\Include</Filter>
    </ClInclude>
    <ClInclude Include="C:\KamataEngine\DirectXGame\3d\SpotLight.h">
      <Filter>KamataEngine\Include</Filter>
    </ClInclude>
    <ClInclude Include="C:\KamataEngine\DirectXGame\base\StringUtility.h">
      <Filter>KamataEngine\Include</Filter>
    </ClInclude>
    <ClInclude Include="C:\KamataEngine\DirectXGame\math\Matrix4x4.h">
      <Filter>KamataEngine</Filter>
    </ClInclude>
    <ClInclude Include="C:\KamataEngine\DirectXGame\math\Vector2.h">
      <Filter>KamataEngine</Filter>
    </ClInclude>
    <ClInclude Include="C:\KamataEngine\DirectXGame\math\Vector3.h">
      <Filter>KamataEngine</Filter>
    </ClInclude>
    <ClInclude Include="C:\KamataEngine\DirectXGame\math\Vector4.h">
      <Filter>KamataEngine</Filter>
    </ClInclude>
    <ClInclude Include="C:\KamataEngine\DirectXGame\2d\ImGuiManager.h">
      <Filter>KamataEngine</Filter>
    </ClInclude>
    <ClInclude Include="Zuizui.h">
      <Filter>Zuizui\header</Filter>
    </ClInclude>
    <ClInclude Include="particles.h">
      <Filter>Zuizui\header</Filter>
    </ClInclude>
    <ClInclude Include="shake.h">
      <Filter>Zuizui\header</Filter>
    </ClInclude>
    <ClInclude Include="struct.h">
      <Filter>game</Filter>
    </ClInclude>
    <ClInclude Include="map.h">
      <Filter>game\map</Filter>
    </ClInclude>
    <ClInclude Include="mapCode.h">
      <Filter>game\map</Filter>
    </ClInclude>
    <ClInclude Include="Player.h">
      <Filter>game\player</Filter>
    </ClInclude>
    <ClInclude Include="Enemy.h">
      <Filter>game\enemy</Filter>
    </ClInclude>
    <ClInclude Include="Mie.h">
      <Filter>game\enemy</Filter>
    </ClInclude>
    <ClInclude Include="Moo.h">
      <Filter>game\enemy</Filter>
    </ClInclude>
    <ClInclude Include="Collision.h">
      <Filter>game</Filter>
    </ClInclude>
  </ItemGroup>
</Project>